
Microsoft Visual Studio Solution File, Format Version 12.00
# Visual Studio Version 16
VisualStudioVersion = 16.0.29326.143
MinimumVisualStudioVersion = 10.0.40219.1
Project("{FAE04EC0-301F-11D3-BF4B-00C04F79EFBC}") = "multimedia", "multimedia\multimedia.csproj", "{D61D4C0F-6D0C-46CA-96B0-184F7DE87651}"
EndProject
Global
	GlobalSection(SolutionConfigurationPlatforms) = preSolution
		Debug|Any CPU = Debug|Any CPU
		Release|Any CPU = Release|Any CPU
	EndGlobalSection
	GlobalSection(ProjectConfigurationPlatforms) = postSolution
		{D61D4C0F-6D0C-46CA-96B0-184F7DE87651}.Debug|Any CPU.ActiveCfg = Debug|Any CPU
		{D61D4C0F-6D0C-46CA-96B0-184F7DE87651}.Debug|Any CPU.Build.0 = Debug|Any CPU
		{D61D4C0F-6D0C-46CA-96B0-184F7DE87651}.Release|Any CPU.ActiveCfg = Release|Any CPU
		{D61D4C0F-6D0C-46CA-96B0-184F7DE87651}.Release|Any CPU.Build.0 = Release|Any CPU
	EndGlobalSection
	GlobalSection(SolutionProperties) = preSolution
		HideSolutionNode = FALSE
	EndGlobalSection
	GlobalSection(ExtensibilityGlobals) = postSolution
		SolutionGuid = {1550C87B-0997-44B6-B6C9-B40FC661CDC2}
	EndGlobalSection
EndGlobal
